
Microsoft Visual Studio Solution File, Format Version 12.00
# Visual Studio 15
VisualStudioVersion = 15.0.27703.2026
MinimumVisualStudioVersion = 10.0.40219.1
Project("{FAE04EC0-301F-11D3-BF4B-00C04F79EFBC}") = "Volleyball.Service", "Volleyball.Service\Volleyball.Service.csproj", "{BF21B884-A003-4A32-94D8-3A57ED6F36DF}"
EndProject
Global
	GlobalSection(SolutionConfigurationPlatforms) = preSolution
		Debug|Any CPU = Debug|Any CPU
		Release|Any CPU = Release|Any CPU
	EndGlobalSection
	GlobalSection(ProjectConfigurationPlatforms) = postSolution
		{BF21B884-A003-4A32-94D8-3A57ED6F36DF}.Debug|Any CPU.ActiveCfg = Debug|Any CPU
		{BF21B884-A003-4A32-94D8-3A57ED6F36DF}.Debug|Any CPU.Build.0 = Debug|Any CPU
		{BF21B884-A003-4A32-94D8-3A57ED6F36DF}.Release|Any CPU.ActiveCfg = Release|Any CPU
		{BF21B884-A003-4A32-94D8-3A57ED6F36DF}.Release|Any CPU.Build.0 = Release|Any CPU
	EndGlobalSection
	GlobalSection(SolutionProperties) = preSolution
		HideSolutionNode = FALSE
	EndGlobalSection
	GlobalSection(ExtensibilityGlobals) = postSolution
		SolutionGuid = {7F48F8A0-4BBA-4336-99AD-15E7BB2E0127}
	EndGlobalSection
EndGlobal
